// !$*UTF8*$!
{
	archiveVersion = 1;
	classes = {
	};
	objectVersion = 50;
	objects = {

/* Begin PBXBuildFile section */
		2350C8D520D0B81D008DDF97 /* MapViewController.swift in Sources */ = {isa = PBXBuildFile; fileRef = 2350C8D420D0B81D008DDF97 /* MapViewController.swift */; };
		2350C8D720D0B825008DDF97 /* Spend.swift in Sources */ = {isa = PBXBuildFile; fileRef = 2350C8D620D0B825008DDF97 /* Spend.swift */; };
		2350C8D920D0B82A008DDF97 /* Place.swift in Sources */ = {isa = PBXBuildFile; fileRef = 2350C8D820D0B82A008DDF97 /* Place.swift */; };
		23AC106920D2982D00F2127B /* PlacesViewController.swift in Sources */ = {isa = PBXBuildFile; fileRef = 23AC106820D2982D00F2127B /* PlacesViewController.swift */; };
		23B934B620D204E20093DE37 /* NewPlaceViewController.swift in Sources */ = {isa = PBXBuildFile; fileRef = 23B934B520D204E20093DE37 /* NewPlaceViewController.swift */; };
		84BF75A420B2A20C00181136 /* AppDelegate.swift in Sources */ = {isa = PBXBuildFile; fileRef = 84BF75A320B2A20C00181136 /* AppDelegate.swift */; };
		84BF75A620B2A20C00181136 /* ExpenceViewController.swift in Sources */ = {isa = PBXBuildFile; fileRef = 84BF75A520B2A20C00181136 /* ExpenceViewController.swift */; };
		84BF75A920B2A20C00181136 /* Main.storyboard in Resources */ = {isa = PBXBuildFile; fileRef = 84BF75A720B2A20C00181136 /* Main.storyboard */; };
		84BF75AB20B2A20D00181136 /* Assets.xcassets in Resources */ = {isa = PBXBuildFile; fileRef = 84BF75AA20B2A20D00181136 /* Assets.xcassets */; };
		84BF75AE20B2A20D00181136 /* LaunchScreen.storyboard in Resources */ = {isa = PBXBuildFile; fileRef = 84BF75AC20B2A20D00181136 /* LaunchScreen.storyboard */; };
		84BF75B920B2A20D00181136 /* spendSumCounterTests.swift in Sources */ = {isa = PBXBuildFile; fileRef = 84BF75B820B2A20D00181136 /* spendSumCounterTests.swift */; };
		84BF75C420B2A20D00181136 /* spendSumCounterUITests.swift in Sources */ = {isa = PBXBuildFile; fileRef = 84BF75C320B2A20D00181136 /* spendSumCounterUITests.swift */; };
/* End PBXBuildFile section */

/* Begin PBXContainerItemProxy section */
		84BF75B520B2A20D00181136 /* PBXContainerItemProxy */ = {
			isa = PBXContainerItemProxy;
			containerPortal = 84BF759820B2A20C00181136 /* Project object */;
			proxyType = 1;
			remoteGlobalIDString = 84BF759F20B2A20C00181136;
			remoteInfo = spendSumCounter;
		};
		84BF75C020B2A20D00181136 /* PBXContainerItemProxy */ = {
			isa = PBXContainerItemProxy;
			containerPortal = 84BF759820B2A20C00181136 /* Project object */;
			proxyType = 1;
			remoteGlobalIDString = 84BF759F20B2A20C00181136;
			remoteInfo = spendSumCounter;
		};
/* End PBXContainerItemProxy section */

/* Begin PBXFileReference section */
		2350C8D420D0B81D008DDF97 /* MapViewController.swift */ = {isa = PBXFileReference; fileEncoding = 4; lastKnownFileType = sourcecode.swift; path = MapViewController.swift; sourceTree = "<group>"; };
		2350C8D620D0B825008DDF97 /* Spend.swift */ = {isa = PBXFileReference; fileEncoding = 4; lastKnownFileType = sourcecode.swift; path = Spend.swift; sourceTree = "<group>"; };
		2350C8D820D0B82A008DDF97 /* Place.swift */ = {isa = PBXFileReference; fileEncoding = 4; lastKnownFileType = sourcecode.swift; path = Place.swift; sourceTree = "<group>"; };
		23AC106820D2982D00F2127B /* PlacesViewController.swift */ = {isa = PBXFileReference; lastKnownFileType = sourcecode.swift; path = PlacesViewController.swift; sourceTree = "<group>"; };
		23B934B520D204E20093DE37 /* NewPlaceViewController.swift */ = {isa = PBXFileReference; lastKnownFileType = sourcecode.swift; path = NewPlaceViewController.swift; sourceTree = "<group>"; };
		84BF75A020B2A20C00181136 /* spendSumCounter.app */ = {isa = PBXFileReference; explicitFileType = wrapper.application; includeInIndex = 0; path = spendSumCounter.app; sourceTree = BUILT_PRODUCTS_DIR; };
		84BF75A320B2A20C00181136 /* AppDelegate.swift */ = {isa = PBXFileReference; lastKnownFileType = sourcecode.swift; path = AppDelegate.swift; sourceTree = "<group>"; };
		84BF75A520B2A20C00181136 /* ExpenceViewController.swift */ = {isa = PBXFileReference; lastKnownFileType = sourcecode.swift; path = ExpenceViewController.swift; sourceTree = "<group>"; };
		84BF75A820B2A20C00181136 /* Base */ = {isa = PBXFileReference; lastKnownFileType = file.storyboard; name = Base; path = Base.lproj/Main.storyboard; sourceTree = "<group>"; };
		84BF75AA20B2A20D00181136 /* Assets.xcassets */ = {isa = PBXFileReference; lastKnownFileType = folder.assetcatalog; path = Assets.xcassets; sourceTree = "<group>"; };
		84BF75AD20B2A20D00181136 /* Base */ = {isa = PBXFileReference; lastKnownFileType = file.storyboard; name = Base; path = Base.lproj/LaunchScreen.storyboard; sourceTree = "<group>"; };
		84BF75AF20B2A20D00181136 /* Info.plist */ = {isa = PBXFileReference; lastKnownFileType = text.plist.xml; path = Info.plist; sourceTree = "<group>"; };
		84BF75B420B2A20D00181136 /* spendSumCounterTests.xctest */ = {isa = PBXFileReference; explicitFileType = wrapper.cfbundle; includeInIndex = 0; path = spendSumCounterTests.xctest; sourceTree = BUILT_PRODUCTS_DIR; };
		84BF75B820B2A20D00181136 /* spendSumCounterTests.swift */ = {isa = PBXFileReference; lastKnownFileType = sourcecode.swift; path = spendSumCounterTests.swift; sourceTree = "<group>"; };
		84BF75BA20B2A20D00181136 /* Info.plist */ = {isa = PBXFileReference; lastKnownFileType = text.plist.xml; path = Info.plist; sourceTree = "<group>"; };
		84BF75BF20B2A20D00181136 /* spendSumCounterUITests.xctest */ = {isa = PBXFileReference; explicitFileType = wrapper.cfbundle; includeInIndex = 0; path = spendSumCounterUITests.xctest; sourceTree = BUILT_PRODUCTS_DIR; };
		84BF75C320B2A20D00181136 /* spendSumCounterUITests.swift */ = {isa = PBXFileReference; lastKnownFileType = sourcecode.swift; path = spendSumCounterUITests.swift; sourceTree = "<group>"; };
		84BF75C520B2A20D00181136 /* Info.plist */ = {isa = PBXFileReference; lastKnownFileType = text.plist.xml; path = Info.plist; sourceTree = "<group>"; };
/* End PBXFileReference section */

/* Begin PBXFrameworksBuildPhase section */
		84BF759D20B2A20C00181136 /* Frameworks */ = {
			isa = PBXFrameworksBuildPhase;
			buildActionMask = 2147483647;
			files = (
			);
			runOnlyForDeploymentPostprocessing = 0;
		};
		84BF75B120B2A20D00181136 /* Frameworks */ = {
			isa = PBXFrameworksBuildPhase;
			buildActionMask = 2147483647;
			files = (
			);
			runOnlyForDeploymentPostprocessing = 0;
		};
		84BF75BC20B2A20D00181136 /* Frameworks */ = {
			isa = PBXFrameworksBuildPhase;
			buildActionMask = 2147483647;
			files = (
			);
			runOnlyForDeploymentPostprocessing = 0;
		};
/* End PBXFrameworksBuildPhase section */

/* Begin PBXGroup section */
		84BF759720B2A20C00181136 = {
			isa = PBXGroup;
			children = (
				84BF75A220B2A20C00181136 /* spendSumCounter */,
				84BF75B720B2A20D00181136 /* spendSumCounterTests */,
				84BF75C220B2A20D00181136 /* spendSumCounterUITests */,
				84BF75A120B2A20C00181136 /* Products */,
			);
			sourceTree = "<group>";
		};
		84BF75A120B2A20C00181136 /* Products */ = {
			isa = PBXGroup;
			children = (
				84BF75A020B2A20C00181136 /* spendSumCounter.app */,
				84BF75B420B2A20D00181136 /* spendSumCounterTests.xctest */,
				84BF75BF20B2A20D00181136 /* spendSumCounterUITests.xctest */,
			);
			name = Products;
			sourceTree = "<group>";
		};
		84BF75A220B2A20C00181136 /* spendSumCounter */ = {
			isa = PBXGroup;
			children = (
				84BF75A320B2A20C00181136 /* AppDelegate.swift */,
				84BF75A520B2A20C00181136 /* ExpenceViewController.swift */,
				84BF75A720B2A20C00181136 /* Main.storyboard */,
				23AC106820D2982D00F2127B /* PlacesViewController.swift */,
				2350C8D420D0B81D008DDF97 /* MapViewController.swift */,
				23B934B520D204E20093DE37 /* NewPlaceViewController.swift */,
				2350C8D820D0B82A008DDF97 /* Place.swift */,
				2350C8D620D0B825008DDF97 /* Spend.swift */,
				84BF75AA20B2A20D00181136 /* Assets.xcassets */,
				84BF75AC20B2A20D00181136 /* LaunchScreen.storyboard */,
				84BF75AF20B2A20D00181136 /* Info.plist */,
			);
			path = spendSumCounter;
			sourceTree = "<group>";
		};
		84BF75B720B2A20D00181136 /* spendSumCounterTests */ = {
			isa = PBXGroup;
			children = (
				84BF75B820B2A20D00181136 /* spendSumCounterTests.swift */,
				84BF75BA20B2A20D00181136 /* Info.plist */,
			);
			path = spendSumCounterTests;
			sourceTree = "<group>";
		};
		84BF75C220B2A20D00181136 /* spendSumCounterUITests */ = {
			isa = PBXGroup;
			children = (
				84BF75C320B2A20D00181136 /* spendSumCounterUITests.swift */,
				84BF75C520B2A20D00181136 /* Info.plist */,
			);
			path = spendSumCounterUITests;
			sourceTree = "<group>";
		};
/* End PBXGroup section */

/* Begin PBXNativeTarget section */
		84BF759F20B2A20C00181136 /* spendSumCounter */ = {
			isa = PBXNativeTarget;
			buildConfigurationList = 84BF75C820B2A20D00181136 /* Build configuration list for PBXNativeTarget "spendSumCounter" */;
			buildPhases = (
				84BF759C20B2A20C00181136 /* Sources */,
				84BF759D20B2A20C00181136 /* Frameworks */,
				84BF759E20B2A20C00181136 /* Resources */,
			);
			buildRules = (
			);
			dependencies = (
			);
			name = spendSumCounter;
			productName = spendSumCounter;
			productReference = 84BF75A020B2A20C00181136 /* spendSumCounter.app */;
			productType = "com.apple.product-type.application";
		};
		84BF75B320B2A20D00181136 /* spendSumCounterTests */ = {
			isa = PBXNativeTarget;
			buildConfigurationList = 84BF75CB20B2A20D00181136 /* Build configuration list for PBXNativeTarget "spendSumCounterTests" */;
			buildPhases = (
				84BF75B020B2A20D00181136 /* Sources */,
				84BF75B120B2A20D00181136 /* Frameworks */,
				84BF75B220B2A20D00181136 /* Resources */,
			);
			buildRules = (
			);
			dependencies = (
				84BF75B620B2A20D00181136 /* PBXTargetDependency */,
			);
			name = spendSumCounterTests;
			productName = spendSumCounterTests;
			productReference = 84BF75B420B2A20D00181136 /* spendSumCounterTests.xctest */;
			productType = "com.apple.product-type.bundle.unit-test";
		};
		84BF75BE20B2A20D00181136 /* spendSumCounterUITests */ = {
			isa = PBXNativeTarget;
			buildConfigurationList = 84BF75CE20B2A20D00181136 /* Build configuration list for PBXNativeTarget "spendSumCounterUITests" */;
			buildPhases = (
				84BF75BB20B2A20D00181136 /* Sources */,
				84BF75BC20B2A20D00181136 /* Frameworks */,
				84BF75BD20B2A20D00181136 /* Resources */,
			);
			buildRules = (
			);
			dependencies = (
				84BF75C120B2A20D00181136 /* PBXTargetDependency */,
			);
			name = spendSumCounterUITests;
			productName = spendSumCounterUITests;
			productReference = 84BF75BF20B2A20D00181136 /* spendSumCounterUITests.xctest */;
			productType = "com.apple.product-type.bundle.ui-testing";
		};
/* End PBXNativeTarget section */

/* Begin PBXProject section */
		84BF759820B2A20C00181136 /* Project object */ = {
			isa = PBXProject;
			attributes = {
				LastSwiftUpdateCheck = 0930;
				LastUpgradeCheck = 0930;
				ORGANIZATIONNAME = Admin;
				TargetAttributes = {
					84BF759F20B2A20C00181136 = {
						CreatedOnToolsVersion = 9.3.1;
					};
					84BF75B320B2A20D00181136 = {
						CreatedOnToolsVersion = 9.3.1;
						TestTargetID = 84BF759F20B2A20C00181136;
					};
					84BF75BE20B2A20D00181136 = {
						CreatedOnToolsVersion = 9.3.1;
						TestTargetID = 84BF759F20B2A20C00181136;
					};
				};
			};
			buildConfigurationList = 84BF759B20B2A20C00181136 /* Build configuration list for PBXProject "spendSumCounter" */;
			compatibilityVersion = "Xcode 9.3";
			developmentRegion = en;
			hasScannedForEncodings = 0;
			knownRegions = (
				en,
				Base,
			);
			mainGroup = 84BF759720B2A20C00181136;
			productRefGroup = 84BF75A120B2A20C00181136 /* Products */;
			projectDirPath = "";
			projectRoot = "";
			targets = (
				84BF759F20B2A20C00181136 /* spendSumCounter */,
				84BF75B320B2A20D00181136 /* spendSumCounterTests */,
				84BF75BE20B2A20D00181136 /* spendSumCounterUITests */,
			);
		};
/* End PBXProject section */

/* Begin PBXResourcesBuildPhase section */
		84BF759E20B2A20C00181136 /* Resources */ = {
			isa = PBXResourcesBuildPhase;
			buildActionMask = 2147483647;
			files = (
				84BF75AE20B2A20D00181136 /* LaunchScreen.storyboard in Resources */,
				84BF75AB20B2A20D00181136 /* Assets.xcassets in Resources */,
				84BF75A920B2A20C00181136 /* Main.storyboard in Resources */,
			);
			runOnlyForDeploymentPostprocessing = 0;
		};
		84BF75B220B2A20D00181136 /* Resources */ = {
			isa = PBXResourcesBuildPhase;
			buildActionMask = 2147483647;
			files = (
			);
			runOnlyForDeploymentPostprocessing = 0;
		};
		84BF75BD20B2A20D00181136 /* Resources */ = {
			isa = PBXResourcesBuildPhase;
			buildActionMask = 2147483647;
			files = (
			);
			runOnlyForDeploymentPostprocessing = 0;
		};
/* End PBXResourcesBuildPhase section */

/* Begin PBXSourcesBuildPhase section */
		84BF759C20B2A20C00181136 /* Sources */ = {
			isa = PBXSourcesBuildPhase;
			buildActionMask = 2147483647;
			files = (
				2350C8D720D0B825008DDF97 /* Spend.swift in Sources */,
				23AC106920D2982D00F2127B /* PlacesViewController.swift in Sources */,
				23B934B620D204E20093DE37 /* NewPlaceViewController.swift in Sources */,
				84BF75A620B2A20C00181136 /* ExpenceViewController.swift in Sources */,
				2350C8D520D0B81D008DDF97 /* MapViewController.swift in Sources */,
				84BF75A420B2A20C00181136 /* AppDelegate.swift in Sources */,
				2350C8D920D0B82A008DDF97 /* Place.swift in Sources */,
			);
			runOnlyForDeploymentPostprocessing = 0;
		};
		84BF75B020B2A20D00181136 /* Sources */ = {
			isa = PBXSourcesBuildPhase;
			buildActionMask = 2147483647;
			files = (
				84BF75B920B2A20D00181136 /* spendSumCounterTests.swift in Sources */,
			);
			runOnlyForDeploymentPostprocessing = 0;
		};
		84BF75BB20B2A20D00181136 /* Sources */ = {
			isa = PBXSourcesBuildPhase;
			buildActionMask = 2147483647;
			files = (
				84BF75C420B2A20D00181136 /* spendSumCounterUITests.swift in Sources */,
			);
			runOnlyForDeploymentPostprocessing = 0;
		};
/* End PBXSourcesBuildPhase section */

/* Begin PBXTargetDependency section */
		84BF75B620B2A20D00181136 /* PBXTargetDependency */ = {
			isa = PBXTargetDependency;
			target = 84BF759F20B2A20C00181136 /* spendSumCounter */;
			targetProxy = 84BF75B520B2A20D00181136 /* PBXContainerItemProxy */;
		};
		84BF75C120B2A20D00181136 /* PBXTargetDependency */ = {
			isa = PBXTargetDependency;
			target = 84BF759F20B2A20C00181136 /* spendSumCounter */;
			targetProxy = 84BF75C020B2A20D00181136 /* PBXContainerItemProxy */;
		};
/* End PBXTargetDependency section */

/* Begin PBXVariantGroup section */
		84BF75A720B2A20C00181136 /* Main.storyboard */ = {
			isa = PBXVariantGroup;
			children = (
				84BF75A820B2A20C00181136 /* Base */,
			);
			name = Main.storyboard;
			sourceTree = "<group>";
		};
		84BF75AC20B2A20D00181136 /* LaunchScreen.storyboard */ = {
			isa = PBXVariantGroup;
			children = (
				84BF75AD20B2A20D00181136 /* Base */,
			);
			name = LaunchScreen.storyboard;
			sourceTree = "<group>";
		};
/* End PBXVariantGroup section */

/* Begin XCBuildConfiguration section */
		84BF75C620B2A20D00181136 /* Debug */ = {
			isa = XCBuildConfiguration;
			buildSettings = {
				ALWAYS_SEARCH_USER_PATHS = NO;
				CLANG_ANALYZER_NONNULL = YES;
				CLANG_ANALYZER_NUMBER_OBJECT_CONVERSION = YES_AGGRESSIVE;
				CLANG_CXX_LANGUAGE_STANDARD = "gnu++14";
				CLANG_CXX_LIBRARY = "libc++";
				CLANG_ENABLE_MODULES = YES;
				CLANG_ENABLE_OBJC_ARC = YES;
				CLANG_ENABLE_OBJC_WEAK = YES;
				CLANG_WARN_BLOCK_CAPTURE_AUTORELEASING = YES;
				CLANG_WARN_BOOL_CONVERSION = YES;
				CLANG_WARN_COMMA = YES;
				CLANG_WARN_CONSTANT_CONVERSION = YES;
				CLANG_WARN_DEPRECATED_OBJC_IMPLEMENTATIONS = YES;
				CLANG_WARN_DIRECT_OBJC_ISA_USAGE = YES_ERROR;
				CLANG_WARN_DOCUMENTATION_COMMENTS = YES;
				CLANG_WARN_EMPTY_BODY = YES;
				CLANG_WARN_ENUM_CONVERSION = YES;
				CLANG_WARN_INFINITE_RECURSION = YES;
				CLANG_WARN_INT_CONVERSION = YES;
				CLANG_WARN_NON_LITERAL_NULL_CONVERSION = YES;
				CLANG_WARN_OBJC_IMPLICIT_RETAIN_SELF = YES;
				CLANG_WARN_OBJC_LITERAL_CONVERSION = YES;
				CLANG_WARN_OBJC_ROOT_CLASS = YES_ERROR;
				CLANG_WARN_RANGE_LOOP_ANALYSIS = YES;
				CLANG_WARN_STRICT_PROTOTYPES = YES;
				CLANG_WARN_SUSPICIOUS_MOVE = YES;
				CLANG_WARN_UNGUARDED_AVAILABILITY = YES_AGGRESSIVE;
				CLANG_WARN_UNREACHABLE_CODE = YES;
				CLANG_WARN__DUPLICATE_METHOD_MATCH = YES;
				CODE_SIGN_IDENTITY = "iPhone Developer";
				COPY_PHASE_STRIP = NO;
				DEBUG_INFORMATION_FORMAT = dwarf;
				ENABLE_STRICT_OBJC_MSGSEND = YES;
				ENABLE_TESTABILITY = YES;
				GCC_C_LANGUAGE_STANDARD = gnu11;
				GCC_DYNAMIC_NO_PIC = NO;
				GCC_NO_COMMON_BLOCKS = YES;
				GCC_OPTIMIZATION_LEVEL = 0;
				GCC_PREPROCESSOR_DEFINITIONS = (
					"DEBUG=1",
					"$(inherited)",
				);
				GCC_WARN_64_TO_32_BIT_CONVERSION = YES;
				GCC_WARN_ABOUT_RETURN_TYPE = YES_ERROR;
				GCC_WARN_UNDECLARED_SELECTOR = YES;
				GCC_WARN_UNINITIALIZED_AUTOS = YES_AGGRESSIVE;
				GCC_WARN_UNUSED_FUNCTION = YES;
				GCC_WARN_UNUSED_VARIABLE = YES;
				IPHONEOS_DEPLOYMENT_TARGET = 11.3;
				MTL_ENABLE_DEBUG_INFO = YES;
				ONLY_ACTIVE_ARCH = YES;
				SDKROOT = iphoneos;
				SWIFT_ACTIVE_COMPILATION_CONDITIONS = DEBUG;
				SWIFT_OPTIMIZATION_LEVEL = "-Onone";
			};
			name = Debug;
		};
		84BF75C720B2A20D00181136 /* Release */ = {
			isa = XCBuildConfiguration;
			buildSettings = {
				ALWAYS_SEARCH_USER_PATHS = NO;
				CLANG_ANALYZER_NONNULL = YES;
				CLANG_ANALYZER_NUMBER_OBJECT_CONVERSION = YES_AGGRESSIVE;
				CLANG_CXX_LANGUAGE_STANDARD = "gnu++14";
				CLANG_CXX_LIBRARY = "libc++";
				CLANG_ENABLE_MODULES = YES;
				CLANG_ENABLE_OBJC_ARC = YES;
				CLANG_ENABLE_OBJC_WEAK = YES;
				CLANG_WARN_BLOCK_CAPTURE_AUTORELEASING = YES;
				CLANG_WARN_BOOL_CONVERSION = YES;
				CLANG_WARN_COMMA = YES;
				CLANG_WARN_CONSTANT_CONVERSION = YES;
				CLANG_WARN_DEPRECATED_OBJC_IMPLEMENTATIONS = YES;
				CLANG_WARN_DIRECT_OBJC_ISA_USAGE = YES_ERROR;
				CLANG_WARN_DOCUMENTATION_COMMENTS = YES;
				CLANG_WARN_EMPTY_BODY = YES;
				CLANG_WARN_ENUM_CONVERSION = YES;
				CLANG_WARN_INFINITE_RECURSION = YES;
				CLANG_WARN_INT_CONVERSION = YES;
				CLANG_WARN_NON_LITERAL_NULL_CONVERSION = YES;
				CLANG_WARN_OBJC_IMPLICIT_RETAIN_SELF = YES;
				CLANG_WARN_OBJC_LITERAL_CONVERSION = YES;
				CLANG_WARN_OBJC_ROOT_CLASS = YES_ERROR;
				CLANG_WARN_RANGE_LOOP_ANALYSIS = YES;
				CLANG_WARN_STRICT_PROTOTYPES = YES;
				CLANG_WARN_SUSPICIOUS_MOVE = YES;
				CLANG_WARN_UNGUARDED_AVAILABILITY = YES_AGGRESSIVE;
				CLANG_WARN_UNREACHABLE_CODE = YES;
				CLANG_WARN__DUPLICATE_METHOD_MATCH = YES;
				CODE_SIGN_IDENTITY = "iPhone Developer";
				COPY_PHASE_STRIP = NO;
				DEBUG_INFORMATION_FORMAT = "dwarf-with-dsym";
				ENABLE_NS_ASSERTIONS = NO;
				ENABLE_STRICT_OBJC_MSGSEND = YES;
				GCC_C_LANGUAGE_STANDARD = gnu11;
				GCC_NO_COMMON_BLOCKS = YES;
				GCC_WARN_64_TO_32_BIT_CONVERSION = YES;
				GCC_WARN_ABOUT_RETURN_TYPE = YES_ERROR;
				GCC_WARN_UNDECLARED_SELECTOR = YES;
				GCC_WARN_UNINITIALIZED_AUTOS = YES_AGGRESSIVE;
				GCC_WARN_UNUSED_FUNCTION = YES;
				GCC_WARN_UNUSED_VARIABLE = YES;
				IPHONEOS_DEPLOYMENT_TARGET = 11.3;
				MTL_ENABLE_DEBUG_INFO = NO;
				SDKROOT = iphoneos;
				SWIFT_COMPILATION_MODE = wholemodule;
				SWIFT_OPTIMIZATION_LEVEL = "-O";
				VALIDATE_PRODUCT = YES;
			};
			name = Release;
		};
		84BF75C920B2A20D00181136 /* Debug */ = {
			isa = XCBuildConfiguration;
			buildSettings = {
				ASSETCATALOG_COMPILER_APPICON_NAME = AppIcon;
				CODE_SIGN_STYLE = Automatic;
				INFOPLIST_FILE = spendSumCounter/Info.plist;
				LD_RUNPATH_SEARCH_PATHS = (
					"$(inherited)",
					"@executable_path/Frameworks",
				);
				PRODUCT_BUNDLE_IDENTIFIER = asl.spendSumCounter;
				PRODUCT_NAME = "$(TARGET_NAME)";
				SWIFT_VERSION = 4.0;
				TARGETED_DEVICE_FAMILY = "1,2";
			};
			name = Debug;
		};
		84BF75CA20B2A20D00181136 /* Release */ = {
			isa = XCBuildConfiguration;
			buildSettings = {
				ASSETCATALOG_COMPILER_APPICON_NAME = AppIcon;
				CODE_SIGN_STYLE = Automatic;
				INFOPLIST_FILE = spendSumCounter/Info.plist;
				LD_RUNPATH_SEARCH_PATHS = (
					"$(inherited)",
					"@executable_path/Frameworks",
				);
				PRODUCT_BUNDLE_IDENTIFIER = asl.spendSumCounter;
				PRODUCT_NAME = "$(TARGET_NAME)";
				SWIFT_VERSION = 4.0;
				TARGETED_DEVICE_FAMILY = "1,2";
			};
			name = Release;
		};
		84BF75CC20B2A20D00181136 /* Debug */ = {
			isa = XCBuildConfiguration;
			buildSettings = {
				ALWAYS_EMBED_SWIFT_STANDARD_LIBRARIES = YES;
				BUNDLE_LOADER = "$(TEST_HOST)";
				CODE_SIGN_STYLE = Automatic;
				INFOPLIST_FILE = spendSumCounterTests/Info.plist;
				LD_RUNPATH_SEARCH_PATHS = (
					"$(inherited)",
					"@executable_path/Frameworks",
					"@loader_path/Frameworks",
				);
				PRODUCT_BUNDLE_IDENTIFIER = asl.spendSumCounterTests;
				PRODUCT_NAME = "$(TARGET_NAME)";
				SWIFT_VERSION = 4.0;
				TARGETED_DEVICE_FAMILY = "1,2";
				TEST_HOST = "$(BUILT_PRODUCTS_DIR)/spendSumCounter.app/spendSumCounter";
			};
			name = Debug;
		};
		84BF75CD20B2A20D00181136 /* Release */ = {
			isa = XCBuildConfiguration;
			buildSettings = {
				ALWAYS_EMBED_SWIFT_STANDARD_LIBRARIES = YES;
				BUNDLE_LOADER = "$(TEST_HOST)";
				CODE_SIGN_STYLE = Automatic;
				INFOPLIST_FILE = spendSumCounterTests/Info.plist;
				LD_RUNPATH_SEARCH_PATHS = (
					"$(inherited)",
					"@executable_path/Frameworks",
					"@loader_path/Frameworks",
				);
				PRODUCT_BUNDLE_IDENTIFIER = asl.spendSumCounterTests;
				PRODUCT_NAME = "$(TARGET_NAME)";
				SWIFT_VERSION = 4.0;
				TARGETED_DEVICE_FAMILY = "1,2";
				TEST_HOST = "$(BUILT_PRODUCTS_DIR)/spendSumCounter.app/spendSumCounter";
			};
			name = Release;
		};
		84BF75CF20B2A20D00181136 /* Debug */ = {
			isa = XCBuildConfiguration;
			buildSettings = {
				ALWAYS_EMBED_SWIFT_STANDARD_LIBRARIES = YES;
				CODE_SIGN_STYLE = Automatic;
				INFOPLIST_FILE = spendSumCounterUITests/Info.plist;
				LD_RUNPATH_SEARCH_PATHS = (
					"$(inherited)",
					"@executable_path/Frameworks",
					"@loader_path/Frameworks",
				);
				PRODUCT_BUNDLE_IDENTIFIER = asl.spendSumCounterUITests;
				PRODUCT_NAME = "$(TARGET_NAME)";
				SWIFT_VERSION = 4.0;
				TARGETED_DEVICE_FAMILY = "1,2";
				TEST_TARGET_NAME = spendSumCounter;
			};
			name = Debug;
		};
		84BF75D020B2A20D00181136 /* Release */ = {
			isa = XCBuildConfiguration;
			buildSettings = {
				ALWAYS_EMBED_SWIFT_STANDARD_LIBRARIES = YES;
				CODE_SIGN_STYLE = Automatic;
				INFOPLIST_FILE = spendSumCounterUITests/Info.plist;
				LD_RUNPATH_SEARCH_PATHS = (
					"$(inherited)",
					"@executable_path/Frameworks",
					"@loader_path/Frameworks",
				);
				PRODUCT_BUNDLE_IDENTIFIER = asl.spendSumCounterUITests;
				PRODUCT_NAME = "$(TARGET_NAME)";
				SWIFT_VERSION = 4.0;
				TARGETED_DEVICE_FAMILY = "1,2";
				TEST_TARGET_NAME = spendSumCounter;
			};
			name = Release;
		};
/* End XCBuildConfiguration section */

/* Begin XCConfigurationList section */
		84BF759B20B2A20C00181136 /* Build configuration list for PBXProject "spendSumCounter" */ = {
			isa = XCConfigurationList;
			buildConfigurations = (
				84BF75C620B2A20D00181136 /* Debug */,
				84BF75C720B2A20D00181136 /* Release */,
			);
			defaultConfigurationIsVisible = 0;
			defaultConfigurationName = Release;
		};
		84BF75C820B2A20D00181136 /* Build configuration list for PBXNativeTarget "spendSumCounter" */ = {
			isa = XCConfigurationList;
			buildConfigurations = (
				84BF75C920B2A20D00181136 /* Debug */,
				84BF75CA20B2A20D00181136 /* Release */,
			);
			defaultConfigurationIsVisible = 0;
			defaultConfigurationName = Release;
		};
		84BF75CB20B2A20D00181136 /* Build configuration list for PBXNativeTarget "spendSumCounterTests" */ = {
			isa = XCConfigurationList;
			buildConfigurations = (
				84BF75CC20B2A20D00181136 /* Debug */,
				84BF75CD20B2A20D00181136 /* Release */,
			);
			defaultConfigurationIsVisible = 0;
			defaultConfigurationName = Release;
		};
		84BF75CE20B2A20D00181136 /* Build configuration list for PBXNativeTarget "spendSumCounterUITests" */ = {
			isa = XCConfigurationList;
			buildConfigurations = (
				84BF75CF20B2A20D00181136 /* Debug */,
				84BF75D020B2A20D00181136 /* Release */,
			);
			defaultConfigurationIsVisible = 0;
			defaultConfigurationName = Release;
		};
/* End XCConfigurationList section */
	};
	rootObject = 84BF759820B2A20C00181136 /* Project object */;
}
